
Microsoft Visual Studio Solution File, Format Version 12.00
# Visual Studio Version 17
VisualStudioVersion = 17.11.35208.52
MinimumVisualStudioVersion = 10.0.40219.1
Project("{FAE04EC0-301F-11D3-BF4B-00C04F79EFBC}") = "StripeApp", "StripeApp\StripeApp.csproj", "{F49BFB2E-D45E-4092-8B6D-497CC4F04356}"
EndProject
Project("{FAE04EC0-301F-11D3-BF4B-00C04F79EFBC}") = "DataLibrary", "DataLibrary\DataLibrary.csproj", "{244ED314-EE7C-44C6-A69B-60C003F55083}"
EndProject
Project("{FAE04EC0-301F-11D3-BF4B-00C04F79EFBC}") = "AuthLibrary", "AuthLibrary\AuthLibrary.csproj", "{DF21670D-84E1-4D0A-9B01-A226F13DF70A}"
EndProject
Global
	GlobalSection(SolutionConfigurationPlatforms) = preSolution
		Debug|Any CPU = Debug|Any CPU
		Release|Any CPU = Release|Any CPU
	EndGlobalSection
	GlobalSection(ProjectConfigurationPlatforms) = postSolution
		{F49BFB2E-D45E-4092-8B6D-497CC4F04356}.Debug|Any CPU.ActiveCfg = Debug|Any CPU
		{F49BFB2E-D45E-4092-8B6D-497CC4F04356}.Debug|Any CPU.Build.0 = Debug|Any CPU
		{F49BFB2E-D45E-4092-8B6D-497CC4F04356}.Release|Any CPU.ActiveCfg = Release|Any CPU
		{F49BFB2E-D45E-4092-8B6D-497CC4F04356}.Release|Any CPU.Build.0 = Release|Any CPU
		{244ED314-EE7C-44C6-A69B-60C003F55083}.Debug|Any CPU.ActiveCfg = Debug|Any CPU
		{244ED314-EE7C-44C6-A69B-60C003F55083}.Debug|Any CPU.Build.0 = Debug|Any CPU
		{244ED314-EE7C-44C6-A69B-60C003F55083}.Release|Any CPU.ActiveCfg = Release|Any CPU
		{244ED314-EE7C-44C6-A69B-60C003F55083}.Release|Any CPU.Build.0 = Release|Any CPU
		{DF21670D-84E1-4D0A-9B01-A226F13DF70A}.Debug|Any CPU.ActiveCfg = Debug|Any CPU
		{DF21670D-84E1-4D0A-9B01-A226F13DF70A}.Debug|Any CPU.Build.0 = Debug|Any CPU
		{DF21670D-84E1-4D0A-9B01-A226F13DF70A}.Release|Any CPU.ActiveCfg = Release|Any CPU
		{DF21670D-84E1-4D0A-9B01-A226F13DF70A}.Release|Any CPU.Build.0 = Release|Any CPU
	EndGlobalSection
	GlobalSection(SolutionProperties) = preSolution
		HideSolutionNode = FALSE
	EndGlobalSection
	GlobalSection(ExtensibilityGlobals) = postSolution
		SolutionGuid = {D9A515F1-FD86-4092-BE9C-DB704DDA599F}
	EndGlobalSection
EndGlobal
